[tools.bun]
version = "1.2.8"
backend = "core:bun"

[tools.bun.checksums]
"bun-linux-x64-baseline.zip" = "sha256:1d48ae3f4649d281b14efd723e49b69a44e5da9a8d7341d611a3ea58ec478ec1"

[tools.elixir]
version = "1.18.3"
backend = "vfox:elixir"

[tools.erlang]
version = "27.3.1"
backend = "vfox:erlang"

[tools.lefthook]
version = "1.11.6"
backend = "aqua:evilmartians/lefthook"

[tools.lefthook.checksums]
"lefthook_1.11.6_Linux_x86_64.gz" = "sha256:fe55bda07b8e99a9074df5e9dc99d1d2e453380b7412049ebab29e15852ec6ac"
