[tools.bun]
version = "1.1.42"
backend = "core:bun"

[tools.bun.checksums]
"bun-linux-x64-baseline.zip" = "sha256:19584af4189e6434124a556e830427f0f44b7ebed8530eacf4fe369bd14b93d6"

[tools.elixir]
version = "1.18.1"
backend = "vfox:version-fox/vfox-elixir"

[tools.erlang]
version = "27.2"
backend = "core:erlang"

[tools.lefthook]
version = "1.10.1"
backend = "ubi:evilmartians/lefthook"

[tools.lefthook.checksums]
lefthook-linux-x86_64 = "sha256:180ffcad43ae50cd0a6a3b664a3d1645bc2b18f2661347594128b48c67da73b7"
